// !$*UTF8*$!
{
	archiveVersion = 1;
	classes = {
	};
	objectVersion = 50;
	objects = {

/* Begin PBXBuildFile section */
		573D5E71237B3FED00EF7EE9 /* Coordinator.swift in Sources */ = {isa = PBXBuildFile; fileRef = 573D5E70237B3FED00EF7EE9 /* Coordinator.swift */; };
		573D5E77237B892B00EF7EE9 /* CollectionViewModeling.swift in Sources */ = {isa = PBXBuildFile; fileRef = 573D5E76237B892B00EF7EE9 /* CollectionViewModeling.swift */; };
		573D5E79237B8E7000EF7EE9 /* GenresViewModel.swift in Sources */ = {isa = PBXBuildFile; fileRef = 573D5E78237B8E7000EF7EE9 /* GenresViewModel.swift */; };
		573D5E7B237B97D400EF7EE9 /* AplicationCoordinator.swift in Sources */ = {isa = PBXBuildFile; fileRef = 573D5E7A237B97D400EF7EE9 /* AplicationCoordinator.swift */; };
		573D5E7D237B983000EF7EE9 /* MoviesViewModel.swift in Sources */ = {isa = PBXBuildFile; fileRef = 573D5E7C237B983000EF7EE9 /* MoviesViewModel.swift */; };
		5762ECA1237C7195001B741A /* FavoriteViewModel.swift in Sources */ = {isa = PBXBuildFile; fileRef = 5762ECA0237C7195001B741A /* FavoriteViewModel.swift */; };
		5762ECA6237CA96F001B741A /* ViewCoding.swift in Sources */ = {isa = PBXBuildFile; fileRef = 5762ECA5237CA96E001B741A /* ViewCoding.swift */; };
		5762ECAF237E40E1001B741A /* GenreRequest.swift in Sources */ = {isa = PBXBuildFile; fileRef = 5762ECAE237E40E1001B741A /* GenreRequest.swift */; };
		5762ECB1237F5146001B741A /* MoviesRequest.swift in Sources */ = {isa = PBXBuildFile; fileRef = 5762ECB0237F5146001B741A /* MoviesRequest.swift */; };
		5762ECB4237F528D001B741A /* MoviePoster.swift in Sources */ = {isa = PBXBuildFile; fileRef = 5762ECB3237F528D001B741A /* MoviePoster.swift */; };
		5762ECB7237F5B00001B741A /* FavoriteViewController.swift in Sources */ = {isa = PBXBuildFile; fileRef = 5762ECB6237F5B00001B741A /* FavoriteViewController.swift */; };
		5762ECB9237F5FF0001B741A /* FavoriteView.swift in Sources */ = {isa = PBXBuildFile; fileRef = 5762ECB8237F5FF0001B741A /* FavoriteView.swift */; };
		5762ECBF237F70E1001B741A /* FavoriteViewDelegate.swift in Sources */ = {isa = PBXBuildFile; fileRef = 5762ECBE237F70E1001B741A /* FavoriteViewDelegate.swift */; };
		5762ECC3237F753E001B741A /* SearchMovieViewController.swift in Sources */ = {isa = PBXBuildFile; fileRef = 5762ECC2237F753E001B741A /* SearchMovieViewController.swift */; };
		5762ECC5237F7594001B741A /* SearchMovieView.swift in Sources */ = {isa = PBXBuildFile; fileRef = 5762ECC4237F7594001B741A /* SearchMovieView.swift */; };
		5762ECCD237F7FEC001B741A /* SectionViewDelegate.swift in Sources */ = {isa = PBXBuildFile; fileRef = 5762ECCC237F7FEC001B741A /* SectionViewDelegate.swift */; };
		5762ECD1237F9823001B741A /* SectionView.swift in Sources */ = {isa = PBXBuildFile; fileRef = 5762ECD0237F9823001B741A /* SectionView.swift */; };
		5762ECD3237F9965001B741A /* SectionViewModeling.swift in Sources */ = {isa = PBXBuildFile; fileRef = 5762ECD2237F9965001B741A /* SectionViewModeling.swift */; };
		5762ECD7237FAA61001B741A /* SearchMovieViewModel.swift in Sources */ = {isa = PBXBuildFile; fileRef = 5762ECD6237FAA61001B741A /* SearchMovieViewModel.swift */; };
		5762ECD9237FB00A001B741A /* SearchMovieViewDelegate.swift in Sources */ = {isa = PBXBuildFile; fileRef = 5762ECD8237FB00A001B741A /* SearchMovieViewDelegate.swift */; };
		5787D93D237367CA00FC01F2 /* AppDelegate.swift in Sources */ = {isa = PBXBuildFile; fileRef = 5787D93C237367CA00FC01F2 /* AppDelegate.swift */; };
		5787D946237367CF00FC01F2 /* Assets.xcassets in Resources */ = {isa = PBXBuildFile; fileRef = 5787D945237367CF00FC01F2 /* Assets.xcassets */; };
		5787D949237367CF00FC01F2 /* LaunchScreen.storyboard in Resources */ = {isa = PBXBuildFile; fileRef = 5787D947237367CF00FC01F2 /* LaunchScreen.storyboard */; };
		5787D954237367CF00FC01F2 /* MooviesTests.swift in Sources */ = {isa = PBXBuildFile; fileRef = 5787D953237367CF00FC01F2 /* MooviesTests.swift */; };
		5787D95F237367CF00FC01F2 /* MooviesUITests.swift in Sources */ = {isa = PBXBuildFile; fileRef = 5787D95E237367CF00FC01F2 /* MooviesUITests.swift */; };
		5787D96F2373805900FC01F2 /* Movie.swift in Sources */ = {isa = PBXBuildFile; fileRef = 5787D96E2373805900FC01F2 /* Movie.swift */; };
		5787D971237381BC00FC01F2 /* APIManager.swift in Sources */ = {isa = PBXBuildFile; fileRef = 5787D970237381BC00FC01F2 /* APIManager.swift */; };
		5787D97923739B7400FC01F2 /* Movies.swift in Sources */ = {isa = PBXBuildFile; fileRef = 5787D97823739B7400FC01F2 /* Movies.swift */; };
		5787D97F2373A2C000FC01F2 /* UICollectionView+Dequeue+Register.swift in Sources */ = {isa = PBXBuildFile; fileRef = 5787D97E2373A2C000FC01F2 /* UICollectionView+Dequeue+Register.swift */; };
		5787D9822373A55E00FC01F2 /* MovieCell.swift in Sources */ = {isa = PBXBuildFile; fileRef = 5787D9812373A55E00FC01F2 /* MovieCell.swift */; };
		5787D9842373A63E00FC01F2 /* UIImageView+GetImageFromPath.swift in Sources */ = {isa = PBXBuildFile; fileRef = 5787D9832373A63E00FC01F2 /* UIImageView+GetImageFromPath.swift */; };
		5787D9872373A81800FC01F2 /* MoviesCellViewModel.swift in Sources */ = {isa = PBXBuildFile; fileRef = 5787D9862373A81800FC01F2 /* MoviesCellViewModel.swift */; };
		5787D98F2374FDBD00FC01F2 /* Genre.swift in Sources */ = {isa = PBXBuildFile; fileRef = 5787D98E2374FDBD00FC01F2 /* Genre.swift */; };
		5787D9912374FDE200FC01F2 /* Genres.swift in Sources */ = {isa = PBXBuildFile; fileRef = 5787D9902374FDE200FC01F2 /* Genres.swift */; };
		5787D993237503EB00FC01F2 /* GenreCell.swift in Sources */ = {isa = PBXBuildFile; fileRef = 5787D992237503EB00FC01F2 /* GenreCell.swift */; };
		5787D9952375042100FC01F2 /* GenreCellViewModel.swift in Sources */ = {isa = PBXBuildFile; fileRef = 5787D9942375042100FC01F2 /* GenreCellViewModel.swift */; };
		57DFC50123761453003698D0 /* Moovies.xcdatamodeld in Sources */ = {isa = PBXBuildFile; fileRef = 57DFC4FF23761453003698D0 /* Moovies.xcdatamodeld */; };
		57DFC50323761596003698D0 /* ActiveRecordType.swift in Sources */ = {isa = PBXBuildFile; fileRef = 57DFC50223761596003698D0 /* ActiveRecordType.swift */; };
		57DFC50523761602003698D0 /* CoreDataModel.swift in Sources */ = {isa = PBXBuildFile; fileRef = 57DFC50423761602003698D0 /* CoreDataModel.swift */; };
		57DFC50723761650003698D0 /* NSManagedObject+className.swift in Sources */ = {isa = PBXBuildFile; fileRef = 57DFC50623761650003698D0 /* NSManagedObject+className.swift */; };
		57DFC50F23761874003698D0 /* FavoriteMovie.swift in Sources */ = {isa = PBXBuildFile; fileRef = 57DFC50E23761874003698D0 /* FavoriteMovie.swift */; };
		57DFC51523762475003698D0 /* UIColor+AppColors.swift in Sources */ = {isa = PBXBuildFile; fileRef = 57DFC51423762475003698D0 /* UIColor+AppColors.swift */; };
/* End PBXBuildFile section */

/* Begin PBXContainerItemProxy section */
		5787D950237367CF00FC01F2 /* PBXContainerItemProxy */ = {
			isa = PBXContainerItemProxy;
			containerPortal = 5787D931237367C900FC01F2 /* Project object */;
			proxyType = 1;
			remoteGlobalIDString = 5787D938237367CA00FC01F2;
			remoteInfo = Moovies;
		};
		5787D95B237367CF00FC01F2 /* PBXContainerItemProxy */ = {
			isa = PBXContainerItemProxy;
			containerPortal = 5787D931237367C900FC01F2 /* Project object */;
			proxyType = 1;
			remoteGlobalIDString = 5787D938237367CA00FC01F2;
			remoteInfo = Moovies;
		};
/* End PBXContainerItemProxy section */

/* Begin PBXFileReference section */
		573D5E70237B3FED00EF7EE9 /* Coordinator.swift */ = {isa = PBXFileReference; lastKnownFileType = sourcecode.swift; path = Coordinator.swift; sourceTree = "<group>"; };
		573D5E76237B892B00EF7EE9 /* CollectionViewModeling.swift */ = {isa = PBXFileReference; lastKnownFileType = sourcecode.swift; path = CollectionViewModeling.swift; sourceTree = "<group>"; };
		573D5E78237B8E7000EF7EE9 /* GenresViewModel.swift */ = {isa = PBXFileReference; lastKnownFileType = sourcecode.swift; path = GenresViewModel.swift; sourceTree = "<group>"; };
		573D5E7A237B97D400EF7EE9 /* AplicationCoordinator.swift */ = {isa = PBXFileReference; lastKnownFileType = sourcecode.swift; path = AplicationCoordinator.swift; sourceTree = "<group>"; };
		573D5E7C237B983000EF7EE9 /* MoviesViewModel.swift */ = {isa = PBXFileReference; lastKnownFileType = sourcecode.swift; path = MoviesViewModel.swift; sourceTree = "<group>"; };
		5762ECA0237C7195001B741A /* FavoriteViewModel.swift */ = {isa = PBXFileReference; lastKnownFileType = sourcecode.swift; path = FavoriteViewModel.swift; sourceTree = "<group>"; };
		5762ECA5237CA96E001B741A /* ViewCoding.swift */ = {isa = PBXFileReference; lastKnownFileType = sourcecode.swift; path = ViewCoding.swift; sourceTree = "<group>"; };
		5762ECAE237E40E1001B741A /* GenreRequest.swift */ = {isa = PBXFileReference; lastKnownFileType = sourcecode.swift; path = GenreRequest.swift; sourceTree = "<group>"; };
		5762ECB0237F5146001B741A /* MoviesRequest.swift */ = {isa = PBXFileReference; lastKnownFileType = sourcecode.swift; path = MoviesRequest.swift; sourceTree = "<group>"; };
		5762ECB3237F528D001B741A /* MoviePoster.swift */ = {isa = PBXFileReference; lastKnownFileType = sourcecode.swift; path = MoviePoster.swift; sourceTree = "<group>"; };
		5762ECB6237F5B00001B741A /* FavoriteViewController.swift */ = {isa = PBXFileReference; lastKnownFileType = sourcecode.swift; path = FavoriteViewController.swift; sourceTree = "<group>"; };
		5762ECB8237F5FF0001B741A /* FavoriteView.swift */ = {isa = PBXFileReference; lastKnownFileType = sourcecode.swift; path = FavoriteView.swift; sourceTree = "<group>"; };
		5762ECBE237F70E1001B741A /* FavoriteViewDelegate.swift */ = {isa = PBXFileReference; lastKnownFileType = sourcecode.swift; path = FavoriteViewDelegate.swift; sourceTree = "<group>"; };
		5762ECC2237F753E001B741A /* SearchMovieViewController.swift */ = {isa = PBXFileReference; lastKnownFileType = sourcecode.swift; path = SearchMovieViewController.swift; sourceTree = "<group>"; };
		5762ECC4237F7594001B741A /* SearchMovieView.swift */ = {isa = PBXFileReference; lastKnownFileType = sourcecode.swift; path = SearchMovieView.swift; sourceTree = "<group>"; };
		5762ECCC237F7FEC001B741A /* SectionViewDelegate.swift */ = {isa = PBXFileReference; lastKnownFileType = sourcecode.swift; path = SectionViewDelegate.swift; sourceTree = "<group>"; };
		5762ECD0237F9823001B741A /* SectionView.swift */ = {isa = PBXFileReference; lastKnownFileType = sourcecode.swift; path = SectionView.swift; sourceTree = "<group>"; };
		5762ECD2237F9965001B741A /* SectionViewModeling.swift */ = {isa = PBXFileReference; lastKnownFileType = sourcecode.swift; path = SectionViewModeling.swift; sourceTree = "<group>"; };
		5762ECD6237FAA61001B741A /* SearchMovieViewModel.swift */ = {isa = PBXFileReference; lastKnownFileType = sourcecode.swift; path = SearchMovieViewModel.swift; sourceTree = "<group>"; };
		5762ECD8237FB00A001B741A /* SearchMovieViewDelegate.swift */ = {isa = PBXFileReference; lastKnownFileType = sourcecode.swift; path = SearchMovieViewDelegate.swift; sourceTree = "<group>"; };
		5787D939237367CA00FC01F2 /* Moovies.app */ = {isa = PBXFileReference; explicitFileType = wrapper.application; includeInIndex = 0; path = Moovies.app; sourceTree = BUILT_PRODUCTS_DIR; };
		5787D93C237367CA00FC01F2 /* AppDelegate.swift */ = {isa = PBXFileReference; lastKnownFileType = sourcecode.swift; path = AppDelegate.swift; sourceTree = "<group>"; };
		5787D945237367CF00FC01F2 /* Assets.xcassets */ = {isa = PBXFileReference; lastKnownFileType = folder.assetcatalog; path = Assets.xcassets; sourceTree = "<group>"; };
		5787D948237367CF00FC01F2 /* Base */ = {isa = PBXFileReference; lastKnownFileType = file.storyboard; name = Base; path = Base.lproj/LaunchScreen.storyboard; sourceTree = "<group>"; };
		5787D94A237367CF00FC01F2 /* Info.plist */ = {isa = PBXFileReference; lastKnownFileType = text.plist.xml; path = Info.plist; sourceTree = "<group>"; };
		5787D94F237367CF00FC01F2 /* MooviesTests.xctest */ = {isa = PBXFileReference; explicitFileType = wrapper.cfbundle; includeInIndex = 0; path = MooviesTests.xctest; sourceTree = BUILT_PRODUCTS_DIR; };
		5787D953237367CF00FC01F2 /* MooviesTests.swift */ = {isa = PBXFileReference; lastKnownFileType = sourcecode.swift; path = MooviesTests.swift; sourceTree = "<group>"; };
		5787D955237367CF00FC01F2 /* Info.plist */ = {isa = PBXFileReference; lastKnownFileType = text.plist.xml; path = Info.plist; sourceTree = "<group>"; };
		5787D95A237367CF00FC01F2 /* MooviesUITests.xctest */ = {isa = PBXFileReference; explicitFileType = wrapper.cfbundle; includeInIndex = 0; path = MooviesUITests.xctest; sourceTree = BUILT_PRODUCTS_DIR; };
		5787D95E237367CF00FC01F2 /* MooviesUITests.swift */ = {isa = PBXFileReference; lastKnownFileType = sourcecode.swift; path = MooviesUITests.swift; sourceTree = "<group>"; };
		5787D960237367CF00FC01F2 /* Info.plist */ = {isa = PBXFileReference; lastKnownFileType = text.plist.xml; path = Info.plist; sourceTree = "<group>"; };
		5787D96E2373805900FC01F2 /* Movie.swift */ = {isa = PBXFileReference; lastKnownFileType = sourcecode.swift; path = Movie.swift; sourceTree = "<group>"; };
		5787D970237381BC00FC01F2 /* APIManager.swift */ = {isa = PBXFileReference; lastKnownFileType = sourcecode.swift; path = APIManager.swift; sourceTree = "<group>"; };
		5787D97823739B7400FC01F2 /* Movies.swift */ = {isa = PBXFileReference; lastKnownFileType = sourcecode.swift; path = Movies.swift; sourceTree = "<group>"; };
		5787D97E2373A2C000FC01F2 /* UICollectionView+Dequeue+Register.swift */ = {isa = PBXFileReference; lastKnownFileType = sourcecode.swift; path = "UICollectionView+Dequeue+Register.swift"; sourceTree = "<group>"; };
		5787D9812373A55E00FC01F2 /* MovieCell.swift */ = {isa = PBXFileReference; lastKnownFileType = sourcecode.swift; path = MovieCell.swift; sourceTree = "<group>"; };
		5787D9832373A63E00FC01F2 /* UIImageView+GetImageFromPath.swift */ = {isa = PBXFileReference; lastKnownFileType = sourcecode.swift; path = "UIImageView+GetImageFromPath.swift"; sourceTree = "<group>"; };
		5787D9862373A81800FC01F2 /* MoviesCellViewModel.swift */ = {isa = PBXFileReference; lastKnownFileType = sourcecode.swift; path = MoviesCellViewModel.swift; sourceTree = "<group>"; };
		5787D98E2374FDBD00FC01F2 /* Genre.swift */ = {isa = PBXFileReference; lastKnownFileType = sourcecode.swift; path = Genre.swift; sourceTree = "<group>"; };
		5787D9902374FDE200FC01F2 /* Genres.swift */ = {isa = PBXFileReference; lastKnownFileType = sourcecode.swift; path = Genres.swift; sourceTree = "<group>"; };
		5787D992237503EB00FC01F2 /* GenreCell.swift */ = {isa = PBXFileReference; lastKnownFileType = sourcecode.swift; path = GenreCell.swift; sourceTree = "<group>"; };
		5787D9942375042100FC01F2 /* GenreCellViewModel.swift */ = {isa = PBXFileReference; lastKnownFileType = sourcecode.swift; path = GenreCellViewModel.swift; sourceTree = "<group>"; };
		57DFC50023761453003698D0 /* Coredata.xcdatamodel */ = {isa = PBXFileReference; lastKnownFileType = wrapper.xcdatamodel; path = Coredata.xcdatamodel; sourceTree = "<group>"; };
		57DFC50223761596003698D0 /* ActiveRecordType.swift */ = {isa = PBXFileReference; lastKnownFileType = sourcecode.swift; path = ActiveRecordType.swift; sourceTree = "<group>"; };
		57DFC50423761602003698D0 /* CoreDataModel.swift */ = {isa = PBXFileReference; lastKnownFileType = sourcecode.swift; path = CoreDataModel.swift; sourceTree = "<group>"; };
		57DFC50623761650003698D0 /* NSManagedObject+className.swift */ = {isa = PBXFileReference; lastKnownFileType = sourcecode.swift; path = "NSManagedObject+className.swift"; sourceTree = "<group>"; };
		57DFC50E23761874003698D0 /* FavoriteMovie.swift */ = {isa = PBXFileReference; lastKnownFileType = sourcecode.swift; path = FavoriteMovie.swift; sourceTree = "<group>"; };
		57DFC51423762475003698D0 /* UIColor+AppColors.swift */ = {isa = PBXFileReference; lastKnownFileType = sourcecode.swift; path = "UIColor+AppColors.swift"; sourceTree = "<group>"; };
/* End PBXFileReference section */

/* Begin PBXFrameworksBuildPhase section */
		5787D936237367CA00FC01F2 /* Frameworks */ = {
			isa = PBXFrameworksBuildPhase;
			buildActionMask = 2147483647;
			files = (
			);
			runOnlyForDeploymentPostprocessing = 0;
		};
		5787D94C237367CF00FC01F2 /* Frameworks */ = {
			isa = PBXFrameworksBuildPhase;
			buildActionMask = 2147483647;
			files = (
			);
			runOnlyForDeploymentPostprocessing = 0;
		};
		5787D957237367CF00FC01F2 /* Frameworks */ = {
			isa = PBXFrameworksBuildPhase;
			buildActionMask = 2147483647;
			files = (
			);
			runOnlyForDeploymentPostprocessing = 0;
		};
/* End PBXFrameworksBuildPhase section */

/* Begin PBXGroup section */
		5762ECA9237E2A0B001B741A /* Movie */ = {
			isa = PBXGroup;
			children = (
				5787D97823739B7400FC01F2 /* Movies.swift */,
				5787D96E2373805900FC01F2 /* Movie.swift */,
			);
			path = Movie;
			sourceTree = "<group>";
		};
		5762ECAA237E2A16001B741A /* Genre */ = {
			isa = PBXGroup;
			children = (
				5787D9902374FDE200FC01F2 /* Genres.swift */,
				5787D98E2374FDBD00FC01F2 /* Genre.swift */,
			);
			path = Genre;
			sourceTree = "<group>";
		};
		5762ECB2237F51AA001B741A /* EndpointsEnum */ = {
			isa = PBXGroup;
			children = (
				5762ECAE237E40E1001B741A /* GenreRequest.swift */,
				5762ECB0237F5146001B741A /* MoviesRequest.swift */,
				5762ECB3237F528D001B741A /* MoviePoster.swift */,
			);
			path = EndpointsEnum;
			sourceTree = "<group>";
		};
		5762ECB5237F5AE5001B741A /* Favorite */ = {
			isa = PBXGroup;
			children = (
				5762ECBC237F706A001B741A /* ViewController */,
				5762ECBD237F7071001B741A /* View */,
			);
			path = Favorite;
			sourceTree = "<group>";
		};
		5762ECBC237F706A001B741A /* ViewController */ = {
			isa = PBXGroup;
			children = (
				5762ECB6237F5B00001B741A /* FavoriteViewController.swift */,
			);
			path = ViewController;
			sourceTree = "<group>";
		};
		5762ECBD237F7071001B741A /* View */ = {
			isa = PBXGroup;
			children = (
				5762ECB8237F5FF0001B741A /* FavoriteView.swift */,
				5762ECC0237F74D8001B741A /* ViewModel + Delegate */,
			);
			path = View;
			sourceTree = "<group>";
		};
		5762ECC0237F74D8001B741A /* ViewModel + Delegate */ = {
			isa = PBXGroup;
			children = (
				5762ECA0237C7195001B741A /* FavoriteViewModel.swift */,
				5762ECBE237F70E1001B741A /* FavoriteViewDelegate.swift */,
			);
			path = "ViewModel + Delegate";
			sourceTree = "<group>";
		};
		5762ECC1237F7517001B741A /* Search Movie */ = {
			isa = PBXGroup;
			children = (
				5762ECC8237F7794001B741A /* ViewController */,
				5762ECC9237F77A1001B741A /* View */,
			);
			path = "Search Movie";
			sourceTree = "<group>";
		};
		5762ECC8237F7794001B741A /* ViewController */ = {
			isa = PBXGroup;
			children = (
				5762ECC2237F753E001B741A /* SearchMovieViewController.swift */,
			);
			path = ViewController;
			sourceTree = "<group>";
		};
		5762ECC9237F77A1001B741A /* View */ = {
			isa = PBXGroup;
			children = (
				5762ECC4237F7594001B741A /* SearchMovieView.swift */,
				5762ECDA2380B94F001B741A /* ViewModel + Delegate */,
				5762ECCA237F77A9001B741A /* Componets */,
			);
			path = View;
			sourceTree = "<group>";
		};
		5762ECCA237F77A9001B741A /* Componets */ = {
			isa = PBXGroup;
			children = (
				5762ECCB237F7D57001B741A /* SectionView */,
				5787D9992375072100FC01F2 /* GenreCell */,
				5787D9882373A97B00FC01F2 /* MovieCell */,
			);
			path = Componets;
			sourceTree = "<group>";
		};
		5762ECCB237F7D57001B741A /* SectionView */ = {
			isa = PBXGroup;
			children = (
				5762ECD0237F9823001B741A /* SectionView.swift */,
				5762ECCE237F87B6001B741A /* ViewModel + Delegate */,
			);
			path = SectionView;
			sourceTree = "<group>";
		};
		5762ECCE237F87B6001B741A /* ViewModel + Delegate */ = {
			isa = PBXGroup;
			children = (
				573D5E78237B8E7000EF7EE9 /* GenresViewModel.swift */,
				573D5E7C237B983000EF7EE9 /* MoviesViewModel.swift */,
				5762ECCC237F7FEC001B741A /* SectionViewDelegate.swift */,
			);
			path = "ViewModel + Delegate";
			sourceTree = "<group>";
		};
		5762ECCF237F978E001B741A /* Data */ = {
			isa = PBXGroup;
			children = (
				5787D98D2373BBDA00FC01F2 /* API */,
				57DFC51023761905003698D0 /* CoreData */,
			);
			path = Data;
			sourceTree = "<group>";
		};
		5762ECDA2380B94F001B741A /* ViewModel + Delegate */ = {
			isa = PBXGroup;
			children = (
				5762ECD6237FAA61001B741A /* SearchMovieViewModel.swift */,
				5762ECD8237FB00A001B741A /* SearchMovieViewDelegate.swift */,
			);
			path = "ViewModel + Delegate";
			sourceTree = "<group>";
		};
		5787D930237367C900FC01F2 = {
			isa = PBXGroup;
			children = (
				5787D93B237367CA00FC01F2 /* Moovies */,
				5787D952237367CF00FC01F2 /* MooviesTests */,
				5787D95D237367CF00FC01F2 /* MooviesUITests */,
				5787D93A237367CA00FC01F2 /* Products */,
			);
			sourceTree = "<group>";
		};
		5787D93A237367CA00FC01F2 /* Products */ = {
			isa = PBXGroup;
			children = (
				5787D939237367CA00FC01F2 /* Moovies.app */,
				5787D94F237367CF00FC01F2 /* MooviesTests.xctest */,
				5787D95A237367CF00FC01F2 /* MooviesUITests.xctest */,
			);
			name = Products;
			sourceTree = "<group>";
		};
		5787D93B237367CA00FC01F2 /* Moovies */ = {
			isa = PBXGroup;
			children = (
				5787D98B2373BBAD00FC01F2 /* Navigation */,
				5762ECCF237F978E001B741A /* Data */,
				5787D9852373A64800FC01F2 /* Extension */,
				5787D98C2373BBC900FC01F2 /* Protocol */,
				5762ECC1237F7517001B741A /* Search Movie */,
				5762ECB5237F5AE5001B741A /* Favorite */,
				5787D945237367CF00FC01F2 /* Assets.xcassets */,
				5787D947237367CF00FC01F2 /* LaunchScreen.storyboard */,
				57DFC4FF23761453003698D0 /* Moovies.xcdatamodeld */,
				5787D94A237367CF00FC01F2 /* Info.plist */,
			);
			path = Moovies;
			sourceTree = "<group>";
		};
		5787D952237367CF00FC01F2 /* MooviesTests */ = {
			isa = PBXGroup;
			children = (
				5787D953237367CF00FC01F2 /* MooviesTests.swift */,
				5787D955237367CF00FC01F2 /* Info.plist */,
			);
			path = MooviesTests;
			sourceTree = "<group>";
		};
		5787D95D237367CF00FC01F2 /* MooviesUITests */ = {
			isa = PBXGroup;
			children = (
				5787D95E237367CF00FC01F2 /* MooviesUITests.swift */,
				5787D960237367CF00FC01F2 /* Info.plist */,
			);
			path = MooviesUITests;
			sourceTree = "<group>";
		};
		5787D96D2373804900FC01F2 /* Model */ = {
			isa = PBXGroup;
			children = (
				5762ECAA237E2A16001B741A /* Genre */,
				5762ECA9237E2A0B001B741A /* Movie */,
			);
			path = Model;
			sourceTree = "<group>";
		};
		5787D9852373A64800FC01F2 /* Extension */ = {
			isa = PBXGroup;
			children = (
				57DFC50623761650003698D0 /* NSManagedObject+className.swift */,
				5787D97E2373A2C000FC01F2 /* UICollectionView+Dequeue+Register.swift */,
				5787D9832373A63E00FC01F2 /* UIImageView+GetImageFromPath.swift */,
				57DFC51423762475003698D0 /* UIColor+AppColors.swift */,
			);
			path = Extension;
			sourceTree = "<group>";
		};
		5787D9882373A97B00FC01F2 /* MovieCell */ = {
			isa = PBXGroup;
			children = (
				5787D9812373A55E00FC01F2 /* MovieCell.swift */,
				5787D9862373A81800FC01F2 /* MoviesCellViewModel.swift */,
			);
			path = MovieCell;
			sourceTree = "<group>";
		};
		5787D98B2373BBAD00FC01F2 /* Navigation */ = {
			isa = PBXGroup;
			children = (
				5787D93C237367CA00FC01F2 /* AppDelegate.swift */,
				573D5E7A237B97D400EF7EE9 /* AplicationCoordinator.swift */,
			);
			path = Navigation;
			sourceTree = "<group>";
		};
		5787D98C2373BBC900FC01F2 /* Protocol */ = {
			isa = PBXGroup;
			children = (
				5762ECA5237CA96E001B741A /* ViewCoding.swift */,
				573D5E70237B3FED00EF7EE9 /* Coordinator.swift */,
				573D5E76237B892B00EF7EE9 /* CollectionViewModeling.swift */,
				5762ECD2237F9965001B741A /* SectionViewModeling.swift */,
			);
			path = Protocol;
			sourceTree = "<group>";
		};
		5787D98D2373BBDA00FC01F2 /* API */ = {
			isa = PBXGroup;
			children = (
				5787D970237381BC00FC01F2 /* APIManager.swift */,
				5762ECB2237F51AA001B741A /* EndpointsEnum */,
				5787D96D2373804900FC01F2 /* Model */,
			);
			path = API;
			sourceTree = "<group>";
		};
		5787D9992375072100FC01F2 /* GenreCell */ = {
			isa = PBXGroup;
			children = (
				5787D992237503EB00FC01F2 /* GenreCell.swift */,
				5787D9942375042100FC01F2 /* GenreCellViewModel.swift */,
			);
			path = GenreCell;
			sourceTree = "<group>";
		};
		57DFC51023761905003698D0 /* CoreData */ = {
			isa = PBXGroup;
			children = (
				57DFC50223761596003698D0 /* ActiveRecordType.swift */,
				57DFC50423761602003698D0 /* CoreDataModel.swift */,
				57DFC5112376192D003698D0 /* Model */,
			);
			path = CoreData;
			sourceTree = "<group>";
		};
		57DFC5112376192D003698D0 /* Model */ = {
			isa = PBXGroup;
			children = (
				57DFC50E23761874003698D0 /* FavoriteMovie.swift */,
			);
			path = Model;
			sourceTree = "<group>";
		};
/* End PBXGroup section */

/* Begin PBXNativeTarget section */
		5787D938237367CA00FC01F2 /* Moovies */ = {
			isa = PBXNativeTarget;
			buildConfigurationList = 5787D963237367CF00FC01F2 /* Build configuration list for PBXNativeTarget "Moovies" */;
			buildPhases = (
				5787D935237367CA00FC01F2 /* Sources */,
				5787D936237367CA00FC01F2 /* Frameworks */,
				5787D937237367CA00FC01F2 /* Resources */,
			);
			buildRules = (
			);
			dependencies = (
			);
			name = Moovies;
			productName = Moovies;
			productReference = 5787D939237367CA00FC01F2 /* Moovies.app */;
			productType = "com.apple.product-type.application";
		};
		5787D94E237367CF00FC01F2 /* MooviesTests */ = {
			isa = PBXNativeTarget;
			buildConfigurationList = 5787D966237367CF00FC01F2 /* Build configuration list for PBXNativeTarget "MooviesTests" */;
			buildPhases = (
				5787D94B237367CF00FC01F2 /* Sources */,
				5787D94C237367CF00FC01F2 /* Frameworks */,
				5787D94D237367CF00FC01F2 /* Resources */,
			);
			buildRules = (
			);
			dependencies = (
				5787D951237367CF00FC01F2 /* PBXTargetDependency */,
			);
			name = MooviesTests;
			productName = MooviesTests;
			productReference = 5787D94F237367CF00FC01F2 /* MooviesTests.xctest */;
			productType = "com.apple.product-type.bundle.unit-test";
		};
		5787D959237367CF00FC01F2 /* MooviesUITests */ = {
			isa = PBXNativeTarget;
			buildConfigurationList = 5787D969237367CF00FC01F2 /* Build configuration list for PBXNativeTarget "MooviesUITests" */;
			buildPhases = (
				5787D956237367CF00FC01F2 /* Sources */,
				5787D957237367CF00FC01F2 /* Frameworks */,
				5787D958237367CF00FC01F2 /* Resources */,
			);
			buildRules = (
			);
			dependencies = (
				5787D95C237367CF00FC01F2 /* PBXTargetDependency */,
			);
			name = MooviesUITests;
			productName = MooviesUITests;
			productReference = 5787D95A237367CF00FC01F2 /* MooviesUITests.xctest */;
			productType = "com.apple.product-type.bundle.ui-testing";
		};
/* End PBXNativeTarget section */

/* Begin PBXProject section */
		5787D931237367C900FC01F2 /* Project object */ = {
			isa = PBXProject;
			attributes = {
				LastSwiftUpdateCheck = 1110;
				LastUpgradeCheck = 1110;
				ORGANIZATIONNAME = aluno;
				TargetAttributes = {
					5787D938237367CA00FC01F2 = {
						CreatedOnToolsVersion = 11.1;
					};
					5787D94E237367CF00FC01F2 = {
						CreatedOnToolsVersion = 11.1;
						TestTargetID = 5787D938237367CA00FC01F2;
					};
					5787D959237367CF00FC01F2 = {
						CreatedOnToolsVersion = 11.1;
						TestTargetID = 5787D938237367CA00FC01F2;
					};
				};
			};
			buildConfigurationList = 5787D934237367C900FC01F2 /* Build configuration list for PBXProject "Moovies" */;
			compatibilityVersion = "Xcode 9.3";
			developmentRegion = en;
			hasScannedForEncodings = 0;
			knownRegions = (
				en,
				Base,
			);
			mainGroup = 5787D930237367C900FC01F2;
			productRefGroup = 5787D93A237367CA00FC01F2 /* Products */;
			projectDirPath = "";
			projectRoot = "";
			targets = (
				5787D938237367CA00FC01F2 /* Moovies */,
				5787D94E237367CF00FC01F2 /* MooviesTests */,
				5787D959237367CF00FC01F2 /* MooviesUITests */,
			);
		};
/* End PBXProject section */

/* Begin PBXResourcesBuildPhase section */
		5787D937237367CA00FC01F2 /* Resources */ = {
			isa = PBXResourcesBuildPhase;
			buildActionMask = 2147483647;
			files = (
				5787D949237367CF00FC01F2 /* LaunchScreen.storyboard in Resources */,
				5787D946237367CF00FC01F2 /* Assets.xcassets in Resources */,
			);
			runOnlyForDeploymentPostprocessing = 0;
		};
		5787D94D237367CF00FC01F2 /* Resources */ = {
			isa = PBXResourcesBuildPhase;
			buildActionMask = 2147483647;
			files = (
			);
			runOnlyForDeploymentPostprocessing = 0;
		};
		5787D958237367CF00FC01F2 /* Resources */ = {
			isa = PBXResourcesBuildPhase;
			buildActionMask = 2147483647;
			files = (
			);
			runOnlyForDeploymentPostprocessing = 0;
		};
/* End PBXResourcesBuildPhase section */

/* Begin PBXSourcesBuildPhase section */
		5787D935237367CA00FC01F2 /* Sources */ = {
			isa = PBXSourcesBuildPhase;
			buildActionMask = 2147483647;
			files = (
				57DFC50523761602003698D0 /* CoreDataModel.swift in Sources */,
				57DFC50123761453003698D0 /* Moovies.xcdatamodeld in Sources */,
				5787D97923739B7400FC01F2 /* Movies.swift in Sources */,
				5787D9842373A63E00FC01F2 /* UIImageView+GetImageFromPath.swift in Sources */,
				57DFC51523762475003698D0 /* UIColor+AppColors.swift in Sources */,
				5787D93D237367CA00FC01F2 /* AppDelegate.swift in Sources */,
				573D5E7D237B983000EF7EE9 /* MoviesViewModel.swift in Sources */,
				5762ECB9237F5FF0001B741A /* FavoriteView.swift in Sources */,
				5762ECD9237FB00A001B741A /* SearchMovieViewDelegate.swift in Sources */,
				573D5E71237B3FED00EF7EE9 /* Coordinator.swift in Sources */,
				5787D97F2373A2C000FC01F2 /* UICollectionView+Dequeue+Register.swift in Sources */,
				57DFC50723761650003698D0 /* NSManagedObject+className.swift in Sources */,
				5787D9912374FDE200FC01F2 /* Genres.swift in Sources */,
				573D5E79237B8E7000EF7EE9 /* GenresViewModel.swift in Sources */,
				573D5E77237B892B00EF7EE9 /* CollectionViewModeling.swift in Sources */,
				5787D971237381BC00FC01F2 /* APIManager.swift in Sources */,
				5787D9872373A81800FC01F2 /* MoviesCellViewModel.swift in Sources */,
				5787D993237503EB00FC01F2 /* GenreCell.swift in Sources */,
				5762ECA6237CA96F001B741A /* ViewCoding.swift in Sources */,
				5762ECCD237F7FEC001B741A /* SectionViewDelegate.swift in Sources */,
				5762ECD1237F9823001B741A /* SectionView.swift in Sources */,
				57DFC50F23761874003698D0 /* FavoriteMovie.swift in Sources */,
				5762ECD7237FAA61001B741A /* SearchMovieViewModel.swift in Sources */,
				5787D96F2373805900FC01F2 /* Movie.swift in Sources */,
				57DFC50323761596003698D0 /* ActiveRecordType.swift in Sources */,
				5762ECC5237F7594001B741A /* SearchMovieView.swift in Sources */,
				5762ECD3237F9965001B741A /* SectionViewModeling.swift in Sources */,
				5787D9822373A55E00FC01F2 /* MovieCell.swift in Sources */,
				5762ECB7237F5B00001B741A /* FavoriteViewController.swift in Sources */,
				5762ECB1237F5146001B741A /* MoviesRequest.swift in Sources */,
				5787D9952375042100FC01F2 /* GenreCellViewModel.swift in Sources */,
				5762ECC3237F753E001B741A /* SearchMovieViewController.swift in Sources */,
				573D5E7B237B97D400EF7EE9 /* AplicationCoordinator.swift in Sources */,
				5762ECA1237C7195001B741A /* FavoriteViewModel.swift in Sources */,
				5787D98F2374FDBD00FC01F2 /* Genre.swift in Sources */,
				5762ECBF237F70E1001B741A /* FavoriteViewDelegate.swift in Sources */,
				5762ECAF237E40E1001B741A /* GenreRequest.swift in Sources */,
				5762ECB4237F528D001B741A /* MoviePoster.swift in Sources */,
			);
			runOnlyForDeploymentPostprocessing = 0;
		};
		5787D94B237367CF00FC01F2 /* Sources */ = {
			isa = PBXSourcesBuildPhase;
			buildActionMask = 2147483647;
			files = (
				5787D954237367CF00FC01F2 /* MooviesTests.swift in Sources */,
			);
			runOnlyForDeploymentPostprocessing = 0;
		};
		5787D956237367CF00FC01F2 /* Sources */ = {
			isa = PBXSourcesBuildPhase;
			buildActionMask = 2147483647;
			files = (
				5787D95F237367CF00FC01F2 /* MooviesUITests.swift in Sources */,
			);
			runOnlyForDeploymentPostprocessing = 0;
		};
/* End PBXSourcesBuildPhase section */

/* Begin PBXTargetDependency section */
		5787D951237367CF00FC01F2 /* PBXTargetDependency */ = {
			isa = PBXTargetDependency;
			target = 5787D938237367CA00FC01F2 /* Moovies */;
			targetProxy = 5787D950237367CF00FC01F2 /* PBXContainerItemProxy */;
		};
		5787D95C237367CF00FC01F2 /* PBXTargetDependency */ = {
			isa = PBXTargetDependency;
			target = 5787D938237367CA00FC01F2 /* Moovies */;
			targetProxy = 5787D95B237367CF00FC01F2 /* PBXContainerItemProxy */;
		};
/* End PBXTargetDependency section */

/* Begin PBXVariantGroup section */
		5787D947237367CF00FC01F2 /* LaunchScreen.storyboard */ = {
			isa = PBXVariantGroup;
			children = (
				5787D948237367CF00FC01F2 /* Base */,
			);
			name = LaunchScreen.storyboard;
			sourceTree = "<group>";
		};
/* End PBXVariantGroup section */

/* Begin XCBuildConfiguration section */
		5787D961237367CF00FC01F2 /* Debug */ = {
			isa = XCBuildConfiguration;
			buildSettings = {
				ALWAYS_SEARCH_USER_PATHS = NO;
				CLANG_ANALYZER_NONNULL = YES;
				CLANG_ANALYZER_NUMBER_OBJECT_CONVERSION = YES_AGGRESSIVE;
				CLANG_CXX_LANGUAGE_STANDARD = "gnu++14";
				CLANG_CXX_LIBRARY = "libc++";
				CLANG_ENABLE_MODULES = YES;
				CLANG_ENABLE_OBJC_ARC = YES;
				CLANG_ENABLE_OBJC_WEAK = YES;
				CLANG_WARN_BLOCK_CAPTURE_AUTORELEASING = YES;
				CLANG_WARN_BOOL_CONVERSION = YES;
				CLANG_WARN_COMMA = YES;
				CLANG_WARN_CONSTANT_CONVERSION = YES;
				CLANG_WARN_DEPRECATED_OBJC_IMPLEMENTATIONS = YES;
				CLANG_WARN_DIRECT_OBJC_ISA_USAGE = YES_ERROR;
				CLANG_WARN_DOCUMENTATION_COMMENTS = YES;
				CLANG_WARN_EMPTY_BODY = YES;
				CLANG_WARN_ENUM_CONVERSION = YES;
				CLANG_WARN_INFINITE_RECURSION = YES;
				CLANG_WARN_INT_CONVERSION = YES;
				CLANG_WARN_NON_LITERAL_NULL_CONVERSION = YES;
				CLANG_WARN_OBJC_IMPLICIT_RETAIN_SELF = YES;
				CLANG_WARN_OBJC_LITERAL_CONVERSION = YES;
				CLANG_WARN_OBJC_ROOT_CLASS = YES_ERROR;
				CLANG_WARN_RANGE_LOOP_ANALYSIS = YES;
				CLANG_WARN_STRICT_PROTOTYPES = YES;
				CLANG_WARN_SUSPICIOUS_MOVE = YES;
				CLANG_WARN_UNGUARDED_AVAILABILITY = YES_AGGRESSIVE;
				CLANG_WARN_UNREACHABLE_CODE = YES;
				CLANG_WARN__DUPLICATE_METHOD_MATCH = YES;
				COPY_PHASE_STRIP = NO;
				DEBUG_INFORMATION_FORMAT = dwarf;
				ENABLE_STRICT_OBJC_MSGSEND = YES;
				ENABLE_TESTABILITY = YES;
				GCC_C_LANGUAGE_STANDARD = gnu11;
				GCC_DYNAMIC_NO_PIC = NO;
				GCC_NO_COMMON_BLOCKS = YES;
				GCC_OPTIMIZATION_LEVEL = 0;
				GCC_PREPROCESSOR_DEFINITIONS = (
					"DEBUG=1",
					"$(inherited)",
				);
				GCC_WARN_64_TO_32_BIT_CONVERSION = YES;
				GCC_WARN_ABOUT_RETURN_TYPE = YES_ERROR;
				GCC_WARN_UNDECLARED_SELECTOR = YES;
				GCC_WARN_UNINITIALIZED_AUTOS = YES_AGGRESSIVE;
				GCC_WARN_UNUSED_FUNCTION = YES;
				GCC_WARN_UNUSED_VARIABLE = YES;
				IPHONEOS_DEPLOYMENT_TARGET = 13.1;
				MTL_ENABLE_DEBUG_INFO = INCLUDE_SOURCE;
				MTL_FAST_MATH = YES;
				ONLY_ACTIVE_ARCH = YES;
				SDKROOT = iphoneos;
				SWIFT_ACTIVE_COMPILATION_CONDITIONS = DEBUG;
				SWIFT_OPTIMIZATION_LEVEL = "-Onone";
			};
			name = Debug;
		};
		5787D962237367CF00FC01F2 /* Release */ = {
			isa = XCBuildConfiguration;
			buildSettings = {
				ALWAYS_SEARCH_USER_PATHS = NO;
				CLANG_ANALYZER_NONNULL = YES;
				CLANG_ANALYZER_NUMBER_OBJECT_CONVERSION = YES_AGGRESSIVE;
				CLANG_CXX_LANGUAGE_STANDARD = "gnu++14";
				CLANG_CXX_LIBRARY = "libc++";
				CLANG_ENABLE_MODULES = YES;
				CLANG_ENABLE_OBJC_ARC = YES;
				CLANG_ENABLE_OBJC_WEAK = YES;
				CLANG_WARN_BLOCK_CAPTURE_AUTORELEASING = YES;
				CLANG_WARN_BOOL_CONVERSION = YES;
				CLANG_WARN_COMMA = YES;
				CLANG_WARN_CONSTANT_CONVERSION = YES;
				CLANG_WARN_DEPRECATED_OBJC_IMPLEMENTATIONS = YES;
				CLANG_WARN_DIRECT_OBJC_ISA_USAGE = YES_ERROR;
				CLANG_WARN_DOCUMENTATION_COMMENTS = YES;
				CLANG_WARN_EMPTY_BODY = YES;
				CLANG_WARN_ENUM_CONVERSION = YES;
				CLANG_WARN_INFINITE_RECURSION = YES;
				CLANG_WARN_INT_CONVERSION = YES;
				CLANG_WARN_NON_LITERAL_NULL_CONVERSION = YES;
				CLANG_WARN_OBJC_IMPLICIT_RETAIN_SELF = YES;
				CLANG_WARN_OBJC_LITERAL_CONVERSION = YES;
				CLANG_WARN_OBJC_ROOT_CLASS = YES_ERROR;
				CLANG_WARN_RANGE_LOOP_ANALYSIS = YES;
				CLANG_WARN_STRICT_PROTOTYPES = YES;
				CLANG_WARN_SUSPICIOUS_MOVE = YES;
				CLANG_WARN_UNGUARDED_AVAILABILITY = YES_AGGRESSIVE;
				CLANG_WARN_UNREACHABLE_CODE = YES;
				CLANG_WARN__DUPLICATE_METHOD_MATCH = YES;
				COPY_PHASE_STRIP = NO;
				DEBUG_INFORMATION_FORMAT = "dwarf-with-dsym";
				ENABLE_NS_ASSERTIONS = NO;
				ENABLE_STRICT_OBJC_MSGSEND = YES;
				GCC_C_LANGUAGE_STANDARD = gnu11;
				GCC_NO_COMMON_BLOCKS = YES;
				GCC_WARN_64_TO_32_BIT_CONVERSION = YES;
				GCC_WARN_ABOUT_RETURN_TYPE = YES_ERROR;
				GCC_WARN_UNDECLARED_SELECTOR = YES;
				GCC_WARN_UNINITIALIZED_AUTOS = YES_AGGRESSIVE;
				GCC_WARN_UNUSED_FUNCTION = YES;
				GCC_WARN_UNUSED_VARIABLE = YES;
				IPHONEOS_DEPLOYMENT_TARGET = 13.1;
				MTL_ENABLE_DEBUG_INFO = NO;
				MTL_FAST_MATH = YES;
				SDKROOT = iphoneos;
				SWIFT_COMPILATION_MODE = wholemodule;
				SWIFT_OPTIMIZATION_LEVEL = "-O";
				VALIDATE_PRODUCT = YES;
			};
			name = Release;
		};
		5787D964237367CF00FC01F2 /* Debug */ = {
			isa = XCBuildConfiguration;
			buildSettings = {
				ASSETCATALOG_COMPILER_APPICON_NAME = AppIcon;
				CODE_SIGN_STYLE = Automatic;
				DEVELOPMENT_TEAM = H3RQC49HYF;
				INFOPLIST_FILE = Moovies/Info.plist;
				LD_RUNPATH_SEARCH_PATHS = (
					"$(inherited)",
					"@executable_path/Frameworks",
				);
				PRODUCT_BUNDLE_IDENTIFIER = com.bia.Moovies;
				PRODUCT_NAME = "$(TARGET_NAME)";
				SWIFT_VERSION = 5.0;
				TARGETED_DEVICE_FAMILY = "1,2";
			};
			name = Debug;
		};
		5787D965237367CF00FC01F2 /* Release */ = {
			isa = XCBuildConfiguration;
			buildSettings = {
				ASSETCATALOG_COMPILER_APPICON_NAME = AppIcon;
				CODE_SIGN_STYLE = Automatic;
				DEVELOPMENT_TEAM = H3RQC49HYF;
				INFOPLIST_FILE = Moovies/Info.plist;
				LD_RUNPATH_SEARCH_PATHS = (
					"$(inherited)",
					"@executable_path/Frameworks",
				);
				PRODUCT_BUNDLE_IDENTIFIER = com.bia.Moovies;
				PRODUCT_NAME = "$(TARGET_NAME)";
				SWIFT_VERSION = 5.0;
				TARGETED_DEVICE_FAMILY = "1,2";
			};
			name = Release;
		};
		5787D967237367CF00FC01F2 /* Debug */ = {
			isa = XCBuildConfiguration;
			buildSettings = {
				ALWAYS_EMBED_SWIFT_STANDARD_LIBRARIES = YES;
				BUNDLE_LOADER = "$(TEST_HOST)";
				CODE_SIGN_STYLE = Automatic;
				DEVELOPMENT_TEAM = H3RQC49HYF;
				INFOPLIST_FILE = MooviesTests/Info.plist;
				IPHONEOS_DEPLOYMENT_TARGET = 13.1;
				LD_RUNPATH_SEARCH_PATHS = (
					"$(inherited)",
					"@executable_path/Frameworks",
					"@loader_path/Frameworks",
				);
				PRODUCT_BUNDLE_IDENTIFIER = com.bia.olokinho.MooviesTests;
				PRODUCT_NAME = "$(TARGET_NAME)";
				SWIFT_VERSION = 5.0;
				TARGETED_DEVICE_FAMILY = "1,2";
				TEST_HOST = "$(BUILT_PRODUCTS_DIR)/Moovies.app/Moovies";
			};
			name = Debug;
		};
		5787D968237367CF00FC01F2 /* Release */ = {
			isa = XCBuildConfiguration;
			buildSettings = {
				ALWAYS_EMBED_SWIFT_STANDARD_LIBRARIES = YES;
				BUNDLE_LOADER = "$(TEST_HOST)";
				CODE_SIGN_STYLE = Automatic;
				DEVELOPMENT_TEAM = H3RQC49HYF;
				INFOPLIST_FILE = MooviesTests/Info.plist;
				IPHONEOS_DEPLOYMENT_TARGET = 13.1;
				LD_RUNPATH_SEARCH_PATHS = (
					"$(inherited)",
					"@executable_path/Frameworks",
					"@loader_path/Frameworks",
				);
				PRODUCT_BUNDLE_IDENTIFIER = com.bia.olokinho.MooviesTests;
				PRODUCT_NAME = "$(TARGET_NAME)";
				SWIFT_VERSION = 5.0;
				TARGETED_DEVICE_FAMILY = "1,2";
				TEST_HOST = "$(BUILT_PRODUCTS_DIR)/Moovies.app/Moovies";
			};
			name = Release;
		};
		5787D96A237367CF00FC01F2 /* Debug */ = {
			isa = XCBuildConfiguration;
			buildSettings = {
				ALWAYS_EMBED_SWIFT_STANDARD_LIBRARIES = YES;
				CODE_SIGN_STYLE = Automatic;
				DEVELOPMENT_TEAM = H3RQC49HYF;
				INFOPLIST_FILE = MooviesUITests/Info.plist;
				LD_RUNPATH_SEARCH_PATHS = (
					"$(inherited)",
					"@executable_path/Frameworks",
					"@loader_path/Frameworks",
				);
				PRODUCT_BUNDLE_IDENTIFIER = com.bia.olokinho.MooviesUITests;
				PRODUCT_NAME = "$(TARGET_NAME)";
				SWIFT_VERSION = 5.0;
				TARGETED_DEVICE_FAMILY = "1,2";
				TEST_TARGET_NAME = Moovies;
			};
			name = Debug;
		};
		5787D96B237367CF00FC01F2 /* Release */ = {
			isa = XCBuildConfiguration;
			buildSettings = {
				ALWAYS_EMBED_SWIFT_STANDARD_LIBRARIES = YES;
				CODE_SIGN_STYLE = Automatic;
				DEVELOPMENT_TEAM = H3RQC49HYF;
				INFOPLIST_FILE = MooviesUITests/Info.plist;
				LD_RUNPATH_SEARCH_PATHS = (
					"$(inherited)",
					"@executable_path/Frameworks",
					"@loader_path/Frameworks",
				);
				PRODUCT_BUNDLE_IDENTIFIER = com.bia.olokinho.MooviesUITests;
				PRODUCT_NAME = "$(TARGET_NAME)";
				SWIFT_VERSION = 5.0;
				TARGETED_DEVICE_FAMILY = "1,2";
				TEST_TARGET_NAME = Moovies;
			};
			name = Release;
		};
/* End XCBuildConfiguration section */

/* Begin XCConfigurationList section */
		5787D934237367C900FC01F2 /* Build configuration list for PBXProject "Moovies" */ = {
			isa = XCConfigurationList;
			buildConfigurations = (
				5787D961237367CF00FC01F2 /* Debug */,
				5787D962237367CF00FC01F2 /* Release */,
			);
			defaultConfigurationIsVisible = 0;
			defaultConfigurationName = Release;
		};
		5787D963237367CF00FC01F2 /* Build configuration list for PBXNativeTarget "Moovies" */ = {
			isa = XCConfigurationList;
			buildConfigurations = (
				5787D964237367CF00FC01F2 /* Debug */,
				5787D965237367CF00FC01F2 /* Release */,
			);
			defaultConfigurationIsVisible = 0;
			defaultConfigurationName = Release;
		};
		5787D966237367CF00FC01F2 /* Build configuration list for PBXNativeTarget "MooviesTests" */ = {
			isa = XCConfigurationList;
			buildConfigurations = (
				5787D967237367CF00FC01F2 /* Debug */,
				5787D968237367CF00FC01F2 /* Release */,
			);
			defaultConfigurationIsVisible = 0;
			defaultConfigurationName = Release;
		};
		5787D969237367CF00FC01F2 /* Build configuration list for PBXNativeTarget "MooviesUITests" */ = {
			isa = XCConfigurationList;
			buildConfigurations = (
				5787D96A237367CF00FC01F2 /* Debug */,
				5787D96B237367CF00FC01F2 /* Release */,
			);
			defaultConfigurationIsVisible = 0;
			defaultConfigurationName = Release;
		};
/* End XCConfigurationList section */

/* Begin XCVersionGroup section */
		57DFC4FF23761453003698D0 /* Moovies.xcdatamodeld */ = {
			isa = XCVersionGroup;
			children = (
				57DFC50023761453003698D0 /* Coredata.xcdatamodel */,
			);
			currentVersion = 57DFC50023761453003698D0 /* Coredata.xcdatamodel */;
			name = Moovies.xcdatamodeld;
			path = ../../Coredata/Coredata/Moovies.xcdatamodeld;
			sourceTree = "<group>";
			versionGroupType = wrapper.xcdatamodel;
		};
/* End XCVersionGroup section */
	};
	rootObject = 5787D931237367C900FC01F2 /* Project object */;
}
